{
  "version": 4,
  "terraform_version": "1.14.4",
  "serial": 143,
  "lineage": "59561289-81af-c230-b257-6b0e2fab4cbf",
  "outputs": {
    "alb_dns_name": {
      "value": "wp-alb-1602748426.us-west-2.elb.amazonaws.com",
      "type": "string"
    },
    "db_endpoint": {
      "value": "wordpress-db.cdhgasvv2tcm.us-west-2.rds.amazonaws.com",
      "type": "string"
    },
    "db_port": {
      "value": 3306,
      "type": "number"
    }
  },
  "resources": [
    {
      "mode": "data",
      "type": "aws_ami",
      "name": "amazon_linux2",
      "provider": "provider[\"registry.terraform.io/hashicorp/aws\"]",
      "instances": [
        {
          "schema_version": 0,
          "attributes": {
            "allow_unsafe_filter": null,
            "architecture": "x86_64",
            "arn": "arn:aws:ec2:us-west-2::image/ami-015c7ae0e2a6d8153",
            "block_device_mappings": [
              {
                "device_name": "/dev/xvda",
                "ebs": {
                  "delete_on_termination": "true",
                  "encrypted": "false",
                  "iops": "0",
                  "snapshot_id": "snap-0473876445cbfa8e2",
                  "throughput": "0",
                  "volume_initialization_rate": "0",
                  "volume_size": "8",
                  "volume_type": "gp2"
                },
                "no_device": "",
                "virtual_name": ""
              }
            ],
            "boot_mode": "",
            "creation_date": "2026-02-04T02:04:13.000Z",
            "deprecation_time": "2026-05-05T02:06:00.000Z",
            "description": "Amazon Linux 2 AMI 2.0.20260202.2 x86_64 HVM gp2",
            "ena_support": true,
            "executable_users": null,
            "filter": [
              {
                "name": "name",
                "values": [
                  "amzn2-ami-hvm-2.*-x86_64-gp2"
                ]
              }
            ],
            "hypervisor": "xen",
            "id": "ami-015c7ae0e2a6d8153",
            "image_id": "ami-015c7ae0e2a6d8153",
            "image_location": "amazon/amzn2-ami-hvm-2.0.20260202.2-x86_64-gp2",
            "image_owner_alias": "amazon",
            "image_type": "machine",
            "imds_support": "",
            "include_deprecated": false,
            "kernel_id": "",
            "last_launched_time": "",
            "most_recent": true,
            "name": "amzn2-ami-hvm-2.0.20260202.2-x86_64-gp2",
            "name_regex": null,
            "owner_id": "137112412989",
            "owners": [
              "amazon"
            ],
            "platform": "",
            "platform_details": "Linux/UNIX",
            "product_codes": [],
            "public": true,
            "ramdisk_id": "",
            "region": "us-west-2",
            "root_device_name": "/dev/xvda",
            "root_device_type": "ebs",
            "root_snapshot_id": "snap-0473876445cbfa8e2",
            "sriov_net_support": "simple",
            "state": "available",
            "state_reason": {
              "code": "UNSET",
              "message": "UNSET"
            },
            "tags": {},
            "timeouts": null,
            "tpm_support": "",
            "uefi_data": null,
            "usage_operation": "RunInstances",
            "virtualization_type": "hvm"
          },
          "sensitive_attributes": [],
          "identity_schema_version": 0
        }
      ]
    },
    {
      "mode": "managed",
      "type": "aws_autoscaling_group",
      "name": "asg",
      "provider": "provider[\"registry.terraform.io/hashicorp/aws\"]",
      "instances": [
        {
          "schema_version": 1,
          "attributes": {
            "arn": "arn:aws:autoscaling:us-west-2:572689518916:autoScalingGroup:3981b810-6239-456b-b6a0-2ca3c9ec20d4:autoScalingGroupName/terraform-20260212211812379900000007",
            "availability_zone_distribution": [
              {
                "capacity_distribution_strategy": "balanced-best-effort"
              }
            ],
            "availability_zones": [
              "us-west-2a",
              "us-west-2b"
            ],
            "capacity_rebalance": false,
            "capacity_reservation_specification": [
              {
                "capacity_reservation_preference": "default",
                "capacity_reservation_target": []
              }
            ],
            "context": "",
            "default_cooldown": 300,
            "default_instance_warmup": 0,
            "desired_capacity": 2,
            "desired_capacity_type": "",
            "enabled_metrics": null,
            "force_delete": false,
            "force_delete_warm_pool": false,
            "health_check_grace_period": 300,
            "health_check_type": "ELB",
            "id": "terraform-20260212211812379900000007",
            "ignore_failed_scaling_activities": false,
            "initial_lifecycle_hook": [],
            "instance_maintenance_policy": [],
            "instance_refresh": [],
            "launch_configuration": "",
            "launch_template": [
              {
                "id": "lt-09953319957f41369",
                "name": "wp-template20260212211805105700000005",
                "version": "$Latest"
              }
            ],
            "load_balancers": [],
            "max_instance_lifetime": 0,
            "max_size": 2,
            "metrics_granularity": "1Minute",
            "min_elb_capacity": null,
            "min_size": 2,
            "mixed_instances_policy": [],
            "name": "terraform-20260212211812379900000007",
            "name_prefix": "terraform-",
            "placement_group": "",
            "predicted_capacity": 0,
            "protect_from_scale_in": false,
            "region": "us-west-2",
            "service_linked_role_arn": "arn:aws:iam::572689518916:role/aws-service-role/autoscaling.amazonaws.com/AWSServiceRoleForAutoScaling",
            "suspended_processes": null,
            "tag": [
              {
                "key": "Name",
                "propagate_at_launch": true,
                "value": "wordpress-ec2"
              }
            ],
            "target_group_arns": [
              "arn:aws:elasticloadbalancing:us-west-2:572689518916:targetgroup/wp-tg/4f03ebce705567ac"
            ],
            "termination_policies": null,
            "timeouts": null,
            "traffic_source": [
              {
                "identifier": "arn:aws:elasticloadbalancing:us-west-2:572689518916:targetgroup/wp-tg/4f03ebce705567ac",
                "type": "elbv2"
              }
            ],
            "vpc_zone_identifier": [
              "subnet-001a6f310e603c98f",
              "subnet-0dcb603a7db997d51"
            ],
            "wait_for_capacity_timeout": "10m",
            "wait_for_elb_capacity": null,
            "warm_pool": [],
            "warm_pool_size": 0
          },
          "sensitive_attributes": [],
          "identity_schema_version": 0,
          "private": "eyJlMmJmYjczMC1lY2FhLTExZTYtOGY4OC0zNDM2M2JjN2M0YzAiOnsiZGVsZXRlIjo2MDAwMDAwMDAwMDAsInVwZGF0ZSI6NjAwMDAwMDAwMDAwfSwic2NoZW1hX3ZlcnNpb24iOiIxIn0=",
          "dependencies": [
            "aws_db_instance.wordpress",
            "aws_db_subnet_group.main",
            "aws_efs_file_system.wp",
            "aws_launch_template.wp",
            "aws_lb_target_group.tg",
            "aws_security_group.alb_sg",
            "aws_security_group.ec2_sg",
            "aws_security_group.rds_sg",
            "aws_subnet.private_1",
            "aws_subnet.private_2",
            "aws_subnet.public_1",
            "aws_subnet.public_2",
            "aws_vpc.main",
            "data.aws_ami.amazon_linux2"
          ],
          "create_before_destroy": true
        }
      ]
    },
    {
      "mode": "managed",
      "type": "aws_db_instance",
      "name": "wordpress",
      "provider": "provider[\"registry.terraform.io/hashicorp/aws\"]",
      "instances": [
        {
          "schema_version": 2,
          "attributes": {
            "address": "wordpress-db.cdhgasvv2tcm.us-west-2.rds.amazonaws.com",
            "allocated_storage": 20,
            "allow_major_version_upgrade": null,
            "apply_immediately": true,
            "arn": "arn:aws:rds:us-west-2:572689518916:db:wordpress-db",
            "auto_minor_version_upgrade": true,
            "availability_zone": "us-west-2b",
            "backup_retention_period": 0,
            "backup_target": "region",
            "backup_window": "11:47-12:17",
            "blue_green_update": [],
            "ca_cert_identifier": "rds-ca-rsa2048-g1",
            "character_set_name": "",
            "copy_tags_to_snapshot": false,
            "custom_iam_instance_profile": "",
            "customer_owned_ip_enabled": false,
            "database_insights_mode": "standard",
            "db_name": "wordpress",
            "db_subnet_group_name": "wordpress-db-subnet-new",
            "dedicated_log_volume": false,
            "delete_automated_backups": true,
            "deletion_protection": false,
            "domain": "",
            "domain_auth_secret_arn": "",
            "domain_dns_ips": null,
            "domain_fqdn": "",
            "domain_iam_role_name": "",
            "domain_ou": "",
            "enabled_cloudwatch_logs_exports": null,
            "endpoint": "wordpress-db.cdhgasvv2tcm.us-west-2.rds.amazonaws.com:3306",
            "engine": "mysql",
            "engine_lifecycle_support": "open-source-rds-extended-support",
            "engine_version": "8.0.40",
            "engine_version_actual": "8.0.40",
            "final_snapshot_identifier": null,
            "hosted_zone_id": "Z1PVIF0B656C1W",
            "iam_database_authentication_enabled": false,
            "id": "db-T2NCFQSKCFFF3MFXKTYF3MBZHI",
            "identifier": "wordpress-db",
            "identifier_prefix": "",
            "instance_class": "db.t3.micro",
            "iops": 0,
            "kms_key_id": "",
            "latest_restorable_time": "",
            "license_model": "general-public-license",
            "listener_endpoint": [],
            "maintenance_window": "wed:08:11-wed:08:41",
            "manage_master_user_password": null,
            "master_user_secret": [],
            "master_user_secret_kms_key_id": null,
            "max_allocated_storage": 0,
            "monitoring_interval": 0,
            "monitoring_role_arn": "",
            "multi_az": false,
            "nchar_character_set_name": "",
            "network_type": "IPV4",
            "option_group_name": "default:mysql-8-0",
            "parameter_group_name": "default.mysql8.0",
            "password": "StrongPassword123!",
            "password_wo": null,
            "password_wo_version": null,
            "performance_insights_enabled": false,
            "performance_insights_kms_key_id": "",
            "performance_insights_retention_period": 0,
            "port": 3306,
            "publicly_accessible": false,
            "region": "us-west-2",
            "replica_mode": "",
            "replicas": [],
            "replicate_source_db": "",
            "resource_id": "db-T2NCFQSKCFFF3MFXKTYF3MBZHI",
            "restore_to_point_in_time": [],
            "s3_import": [],
            "skip_final_snapshot": true,
            "snapshot_identifier": null,
            "status": "available",
            "storage_encrypted": false,
            "storage_throughput": 0,
            "storage_type": "gp2",
            "tags": {
              "Name": "wordpress-db"
            },
            "tags_all": {
              "Name": "wordpress-db"
            },
            "timeouts": {
              "create": "40m",
              "delete": "40m",
              "update": "40m"
            },
            "timezone": "",
            "upgrade_rollout_order": "second",
            "upgrade_storage_config": null,
            "username": "admin",
            "vpc_security_group_ids": [
              "sg-029b98cf269387adf"
            ]
          },
          "sensitive_attributes": [
            [
              {
                "type": "get_attr",
                "value": "password"
              }
            ],
            [
              {
                "type": "get_attr",
                "value": "password_wo"
              }
            ]
          ],
          "identity_schema_version": 0,
          "private": "eyJlMmJmYjczMC1lY2FhLTExZTYtOGY4OC0zNDM2M2JjN2M0YzAiOnsiY3JlYXRlIjoyNDAwMDAwMDAwMDAwLCJkZWxldGUiOjI0MDAwMDAwMDAwMDAsInVwZGF0ZSI6MjQwMDAwMDAwMDAwMH0sInNjaGVtYV92ZXJzaW9uIjoiMiJ9",
          "dependencies": [
            "aws_db_subnet_group.main",
            "aws_security_group.alb_sg",
            "aws_security_group.ec2_sg",
            "aws_security_group.rds_sg",
            "aws_subnet.private_1",
            "aws_subnet.private_2",
            "aws_vpc.main"
          ],
          "create_before_destroy": true
        }
      ]
    },
    {
      "mode": "managed",
      "type": "aws_db_subnet_group",
      "name": "main",
      "provider": "provider[\"registry.terraform.io/hashicorp/aws\"]",
      "instances": [
        {
          "schema_version": 0,
          "attributes": {
            "arn": "arn:aws:rds:us-west-2:572689518916:subgrp:wordpress-db-subnet-new",
            "description": "Managed by Terraform",
            "id": "wordpress-db-subnet-new",
            "name": "wordpress-db-subnet-new",
            "name_prefix": "",
            "region": "us-west-2",
            "subnet_ids": [
              "subnet-01d7089a3e499342b",
              "subnet-0cd3e96a818ccc056"
            ],
            "supported_network_types": [
              "IPV4"
            ],
            "tags": {
              "Name": "wordpress-db-subnet"
            },
            "tags_all": {
              "Name": "wordpress-db-subnet"
            },
            "vpc_id": "vpc-08da60cc21645572b"
          },
          "sensitive_attributes": [],
          "identity_schema_version": 0,
          "private": "bnVsbA==",
          "dependencies": [
            "aws_subnet.private_1",
            "aws_subnet.private_2",
            "aws_vpc.main"
          ],
          "create_before_destroy": true
        }
      ]
    },
    {
      "mode": "managed",
      "type": "aws_efs_file_system",
      "name": "wp",
      "provider": "provider[\"registry.terraform.io/hashicorp/aws\"]",
      "instances": [
        {
          "schema_version": 0,
          "attributes": {
            "arn": "arn:aws:elasticfilesystem:us-west-2:572689518916:file-system/fs-035df47eba9c1124c",
            "availability_zone_id": "",
            "availability_zone_name": "",
            "creation_token": "wordpress-efs",
            "dns_name": "fs-035df47eba9c1124c.efs.us-west-2.amazonaws.com",
            "encrypted": false,
            "id": "fs-035df47eba9c1124c",
            "kms_key_id": "",
            "lifecycle_policy": [],
            "name": "wordpress-efs",
            "number_of_mount_targets": 0,
            "owner_id": "572689518916",
            "performance_mode": "generalPurpose",
            "protection": [
              {
                "replication_overwrite": "ENABLED"
              }
            ],
            "provisioned_throughput_in_mibps": 0,
            "region": "us-west-2",
            "size_in_bytes": [
              {
                "value": 6144,
                "value_in_ia": 0,
                "value_in_standard": 6144
              }
            ],
            "tags": {
              "Name": "wordpress-efs"
            },
            "tags_all": {
              "Name": "wordpress-efs"
            },
            "throughput_mode": "bursting"
          },
          "sensitive_attributes": [],
          "identity_schema_version": 0,
          "private": "bnVsbA==",
          "create_before_destroy": true
        }
      ]
    },
    {
      "mode": "managed",
      "type": "aws_efs_mount_target",
      "name": "private_1",
      "provider": "provider[\"registry.terraform.io/hashicorp/aws\"]",
      "instances": [
        {
          "schema_version": 0,
          "attributes": {
            "availability_zone_id": "usw2-az1",
            "availability_zone_name": "us-west-2a",
            "dns_name": "fs-035df47eba9c1124c.efs.us-west-2.amazonaws.com",
            "file_system_arn": "arn:aws:elasticfilesystem:us-west-2:572689518916:file-system/fs-035df47eba9c1124c",
            "file_system_id": "fs-035df47eba9c1124c",
            "id": "fsmt-047c23298eb8cbedd",
            "ip_address": "10.0.3.89",
            "ip_address_type": "IPV4_ONLY",
            "ipv6_address": "",
            "mount_target_dns_name": "us-west-2a.fs-035df47eba9c1124c.efs.us-west-2.amazonaws.com",
            "network_interface_id": "eni-0053c71340fe8486c",
            "owner_id": "572689518916",
            "region": "us-west-2",
            "security_groups": [
              "sg-0fda07f39b1ee5aa3"
            ],
            "subnet_id": "subnet-0cd3e96a818ccc056",
            "timeouts": null
          },
          "sensitive_attributes": [],
          "identity_schema_version": 0,
          "private": "eyJlMmJmYjczMC1lY2FhLTExZTYtOGY4OC0zNDM2M2JjN2M0YzAiOnsiY3JlYXRlIjoxODAwMDAwMDAwMDAwLCJkZWxldGUiOjYwMDAwMDAwMDAwMH19",
          "dependencies": [
            "aws_efs_file_system.wp",
            "aws_security_group.alb_sg",
            "aws_security_group.ec2_sg",
            "aws_security_group.efs_sg",
            "aws_subnet.private_1",
            "aws_vpc.main"
          ]
        }
      ]
    },
    {
      "mode": "managed",
      "type": "aws_efs_mount_target",
      "name": "private_2",
      "provider": "provider[\"registry.terraform.io/hashicorp/aws\"]",
      "instances": [
        {
          "schema_version": 0,
          "attributes": {
            "availability_zone_id": "usw2-az2",
            "availability_zone_name": "us-west-2b",
            "dns_name": "fs-035df47eba9c1124c.efs.us-west-2.amazonaws.com",
            "file_system_arn": "arn:aws:elasticfilesystem:us-west-2:572689518916:file-system/fs-035df47eba9c1124c",
            "file_system_id": "fs-035df47eba9c1124c",
            "id": "fsmt-03be215a09b814f61",
            "ip_address": "10.0.4.5",
            "ip_address_type": "IPV4_ONLY",
            "ipv6_address": "",
            "mount_target_dns_name": "us-west-2b.fs-035df47eba9c1124c.efs.us-west-2.amazonaws.com",
            "network_interface_id": "eni-0f5766f6801749ca1",
            "owner_id": "572689518916",
            "region": "us-west-2",
            "security_groups": [
              "sg-0fda07f39b1ee5aa3"
            ],
            "subnet_id": "subnet-01d7089a3e499342b",
            "timeouts": null
          },
          "sensitive_attributes": [],
          "identity_schema_version": 0,
          "private": "eyJlMmJmYjczMC1lY2FhLTExZTYtOGY4OC0zNDM2M2JjN2M0YzAiOnsiY3JlYXRlIjoxODAwMDAwMDAwMDAwLCJkZWxldGUiOjYwMDAwMDAwMDAwMH19",
          "dependencies": [
            "aws_efs_file_system.wp",
            "aws_security_group.alb_sg",
            "aws_security_group.ec2_sg",
            "aws_security_group.efs_sg",
            "aws_subnet.private_2",
            "aws_vpc.main"
          ]
        }
      ]
    },
    {
      "mode": "managed",
      "type": "aws_internet_gateway",
      "name": "igw",
      "provider": "provider[\"registry.terraform.io/hashicorp/aws\"]",
      "instances": [
        {
          "schema_version": 0,
          "attributes": {
            "arn": "arn:aws:ec2:us-west-2:572689518916:internet-gateway/igw-050235b77fe3f0268",
            "id": "igw-050235b77fe3f0268",
            "owner_id": "572689518916",
            "region": "us-west-2",
            "tags": {
              "Name": "wp-igw"
            },
            "tags_all": {
              "Name": "wp-igw"
            },
            "timeouts": null,
            "vpc_id": "vpc-08da60cc21645572b"
          },
          "sensitive_attributes": [],
          "identity_schema_version": 0,
          "private": "eyJlMmJmYjczMC1lY2FhLTExZTYtOGY4OC0zNDM2M2JjN2M0YzAiOnsiY3JlYXRlIjoxMjAwMDAwMDAwMDAwLCJkZWxldGUiOjEyMDAwMDAwMDAwMDAsInVwZGF0ZSI6MTIwMDAwMDAwMDAwMH19",
          "dependencies": [
            "aws_vpc.main"
          ]
        }
      ]
    },
    {
      "mode": "managed",
      "type": "aws_launch_template",
      "name": "wp",
      "provider": "provider[\"registry.terraform.io/hashicorp/aws\"]",
      "instances": [
        {
          "schema_version": 1,
          "attributes": {
            "arn": "arn:aws:ec2:us-west-2:572689518916:launch-template/lt-09953319957f41369",
            "block_device_mappings": [],
            "capacity_reservation_specification": [],
            "cpu_options": [],
            "credit_specification": [],
            "default_version": 1,
            "description": "",
            "disable_api_stop": false,
            "disable_api_termination": false,
            "ebs_optimized": "",
            "enclave_options": [],
            "hibernation_options": [],
            "iam_instance_profile": [],
            "id": "lt-09953319957f41369",
            "image_id": "ami-015c7ae0e2a6d8153",
            "instance_initiated_shutdown_behavior": "",
            "instance_market_options": [],
            "instance_requirements": [],
            "instance_type": "t2.micro",
            "kernel_id": "",
            "key_name": "vockey",
            "latest_version": 1,
            "license_specification": [],
            "maintenance_options": [],
            "metadata_options": [],
            "monitoring": [],
            "name": "wp-template20260212211805105700000005",
            "name_prefix": "wp-template",
            "network_interfaces": [],
            "network_performance_options": [],
            "placement": [],
            "private_dns_name_options": [],
            "ram_disk_id": "",
            "region": "us-west-2",
            "security_group_names": null,
            "tag_specifications": [],
            "tags": null,
            "tags_all": {},
            "update_default_version": null,
            "user_data": "ICMhL2Jpbi9iYXNoCnNldCAtZXgKZXhlYyA+IC92YXIvbG9nL3VzZXItZGF0YS5sb2cgMj4mMQoKIyBVcGRhdGUgT1MKeXVtIHVwZGF0ZSAteQphbWF6b24tbGludXgtZXh0cmFzIGVuYWJsZSBwaHA4LjAKeXVtIGNsZWFuIG1ldGFkYXRhCnl1bSBpbnN0YWxsIC15IGh0dHBkIHBocCBwaHAtY2xpIHBocC1teXNxbG5kIHdnZXQgdW56aXAgY3VybCBuYyBhbWF6b24tZWZzLXV0aWxzCgojIFN0YXJ0IEFwYWNoZQpzeXN0ZW1jdGwgZW5hYmxlIGh0dHBkCnN5c3RlbWN0bCBzdGFydCBodHRwZApybSAtZiAvdmFyL3d3dy9odG1sL2luZGV4Lmh0bWwgL2V0Yy9odHRwZC9jb25mLmQvd2VsY29tZS5jb25mCgojIC0tLS0tLS0tLS0tLS0tLS0tLS0tLS0tLS0tLS0tLS0tLS0tCiMgTW91bnQgRUZTIEZJUlNUCiMgLS0tLS0tLS0tLS0tLS0tLS0tLS0tLS0tLS0tLS0tLS0tLS0KbWtkaXIgLXAgL3Zhci93d3cvaHRtbC93cC1jb250ZW50Cgptb3VudCAtdCBlZnMgZnMtMDM1ZGY0N2ViYTljMTEyNGM6LyAvdmFyL3d3dy9odG1sL3dwLWNvbnRlbnQKCmNob3duIC1SIGFwYWNoZTphcGFjaGUgL3Zhci93d3cvaHRtbC93cC1jb250ZW50CmNobW9kIDc1NSAvdmFyL3d3dy9odG1sL3dwLWNvbnRlbnQKCiMgLS0tLS0tLS0tLS0tLS0tLS0tLS0tLS0tLS0tLS0tLS0tLS0KIyBXYWl0IGZvciBSRFMKIyAtLS0tLS0tLS0tLS0tLS0tLS0tLS0tLS0tLS0tLS0tLS0tLQpEQl9IT1NUPSJ3b3JkcHJlc3MtZGIuY2RoZ2FzdnYydGNtLnVzLXdlc3QtMi5yZHMuYW1hem9uYXdzLmNvbSIKbWF4X3JldHJpZXM9NDAKY291bnQ9MAp1bnRpbCBuYyAteiAkREJfSE9TVCAzMzA2OyBkbwogIGNvdW50PSQoKGNvdW50KzEpKQogIGlmIFsgJGNvdW50IC1nZSAkbWF4X3JldHJpZXMgXTsgdGhlbgogICAgZWNobyAiUkRTIG5vdCByZWFjaGFibGUsIGV4aXRpbmciCiAgICBleGl0IDEKICBmaQogIHNsZWVwIDE1CmRvbmUKCiMgLS0tLS0tLS0tLS0tLS0tLS0tLS0tLS0tLS0tLS0tLS0tLS0KIyBJbnN0YWxsIFdvcmRQcmVzcwojIC0tLS0tLS0tLS0tLS0tLS0tLS0tLS0tLS0tLS0tLS0tLS0tCmNkIC92YXIvd3d3L2h0bWwKcm0gLXJmICoKCmN1cmwgLWZMIGh0dHBzOi8vd29yZHByZXNzLm9yZy9sYXRlc3QudGFyLmd6IC1vIGxhdGVzdC50YXIuZ3oKdGFyIC14emYgbGF0ZXN0LnRhci5neiAtLXN0cmlwLWNvbXBvbmVudHM9MQpybSAtZiBsYXRlc3QudGFyLmd6CgojIENvbmZpZ3VyZSB3cC1jb25maWcucGhwCmNwIHdwLWNvbmZpZy1zYW1wbGUucGhwIHdwLWNvbmZpZy5waHAKc2VkIC1pICJzL2RhdGFiYXNlX25hbWVfaGVyZS93b3JkcHJlc3MvIiB3cC1jb25maWcucGhwCnNlZCAtaSAicy91c2VybmFtZV9oZXJlL2FkbWluLyIgd3AtY29uZmlnLnBocApzZWQgLWkgInMvcGFzc3dvcmRfaGVyZS9TdHJvbmdQYXNzd29yZDEyMyEvIiB3cC1jb25maWcucGhwCnNlZCAtaSAicy9sb2NhbGhvc3Qvd29yZHByZXNzLWRiLmNkaGdhc3Z2MnRjbS51cy13ZXN0LTIucmRzLmFtYXpvbmF3cy5jb20vIiB3cC1jb25maWcucGhwCmN1cmwgLXMgaHR0cHM6Ly9hcGkud29yZHByZXNzLm9yZy9zZWNyZXQta2V5LzEuMS9zYWx0LyA+PiB3cC1jb25maWcucGhwCgojIFBlcm1pc3Npb25zCmNob3duIC1SIGFwYWNoZTphcGFjaGUgL3Zhci93d3cvaHRtbApmaW5kIC92YXIvd3d3L2h0bWwgLXR5cGUgZCAtZXhlYyBjaG1vZCA3NTUge30gXDsKZmluZCAvdmFyL3d3dy9odG1sIC10eXBlIGYgLWV4ZWMgY2htb2QgNjQ0IHt9IFw7CgojIFJlc3RhcnQgQXBhY2hlCnN5c3RlbWN0bCByZXN0YXJ0IGh0dHBkCg==",
            "vpc_security_group_ids": [
              "sg-0548a16ece908f30a"
            ]
          },
          "sensitive_attributes": [],
          "identity_schema_version": 0,
          "private": "eyJzY2hlbWFfdmVyc2lvbiI6IjEifQ==",
          "dependencies": [
            "aws_db_instance.wordpress",
            "aws_db_subnet_group.main",
            "aws_efs_file_system.wp",
            "aws_security_group.alb_sg",
            "aws_security_group.ec2_sg",
            "aws_security_group.rds_sg",
            "aws_subnet.private_1",
            "aws_subnet.private_2",
            "aws_vpc.main",
            "data.aws_ami.amazon_linux2"
          ],
          "create_before_destroy": true
        }
      ]
    },
    {
      "mode": "managed",
      "type": "aws_lb",
      "name": "alb",
      "provider": "provider[\"registry.terraform.io/hashicorp/aws\"]",
      "instances": [
        {
          "schema_version": 0,
          "attributes": {
            "access_logs": [
              {
                "bucket": "",
                "enabled": false,
                "prefix": ""
              }
            ],
            "arn": "arn:aws:elasticloadbalancing:us-west-2:572689518916:loadbalancer/app/wp-alb/2ef9aa9591cda001",
            "arn_suffix": "app/wp-alb/2ef9aa9591cda001",
            "client_keep_alive": 3600,
            "connection_logs": [
              {
                "bucket": "",
                "enabled": false,
                "prefix": ""
              }
            ],
            "customer_owned_ipv4_pool": "",
            "desync_mitigation_mode": "defensive",
            "dns_name": "wp-alb-1602748426.us-west-2.elb.amazonaws.com",
            "dns_record_client_routing_policy": null,
            "drop_invalid_header_fields": false,
            "enable_cross_zone_load_balancing": true,
            "enable_deletion_protection": false,
            "enable_http2": true,
            "enable_tls_version_and_cipher_suite_headers": false,
            "enable_waf_fail_open": false,
            "enable_xff_client_port": false,
            "enable_zonal_shift": false,
            "enforce_security_group_inbound_rules_on_private_link_traffic": "",
            "health_check_logs": [
              {
                "bucket": "",
                "enabled": false,
                "prefix": ""
              }
            ],
            "id": "arn:aws:elasticloadbalancing:us-west-2:572689518916:loadbalancer/app/wp-alb/2ef9aa9591cda001",
            "idle_timeout": 60,
            "internal": false,
            "ip_address_type": "ipv4",
            "ipam_pools": [],
            "load_balancer_type": "application",
            "minimum_load_balancer_capacity": [],
            "name": "wp-alb",
            "name_prefix": "",
            "preserve_host_header": false,
            "region": "us-west-2",
            "secondary_ips_auto_assigned_per_subnet": null,
            "security_groups": [
              "sg-073504e56b5547f69"
            ],
            "subnet_mapping": [
              {
                "allocation_id": "",
                "ipv6_address": "",
                "outpost_id": "",
                "private_ipv4_address": "",
                "subnet_id": "subnet-001a6f310e603c98f"
              },
              {
                "allocation_id": "",
                "ipv6_address": "",
                "outpost_id": "",
                "private_ipv4_address": "",
                "subnet_id": "subnet-0dcb603a7db997d51"
              }
            ],
            "subnets": [
              "subnet-001a6f310e603c98f",
              "subnet-0dcb603a7db997d51"
            ],
            "tags": {
              "Name": "wp-alb"
            },
            "tags_all": {
              "Name": "wp-alb"
            },
            "timeouts": null,
            "vpc_id": "vpc-08da60cc21645572b",
            "xff_header_processing_mode": "append",
            "zone_id": "Z1H1FL5HABSF5"
          },
          "sensitive_attributes": [],
          "identity_schema_version": 0,
          "identity": {
            "arn": "arn:aws:elasticloadbalancing:us-west-2:572689518916:loadbalancer/app/wp-alb/2ef9aa9591cda001"
          },
          "private": "eyJlMmJmYjczMC1lY2FhLTExZTYtOGY4OC0zNDM2M2JjN2M0YzAiOnsiY3JlYXRlIjo2MDAwMDAwMDAwMDAsImRlbGV0ZSI6NjAwMDAwMDAwMDAwLCJ1cGRhdGUiOjYwMDAwMDAwMDAwMH19",
          "dependencies": [
            "aws_security_group.alb_sg",
            "aws_subnet.public_1",
            "aws_subnet.public_2",
            "aws_vpc.main"
          ]
        }
      ]
    },
    {
      "mode": "managed",
      "type": "aws_lb_listener",
      "name": "listener",
      "provider": "provider[\"registry.terraform.io/hashicorp/aws\"]",
      "instances": [
        {
          "schema_version": 0,
          "attributes": {
            "alpn_policy": null,
            "arn": "arn:aws:elasticloadbalancing:us-west-2:572689518916:listener/app/wp-alb/2ef9aa9591cda001/782b837633722c88",
            "certificate_arn": null,
            "default_action": [
              {
                "authenticate_cognito": [],
                "authenticate_oidc": [],
                "fixed_response": [],
                "forward": [],
                "jwt_validation": [],
                "order": 1,
                "redirect": [],
                "target_group_arn": "arn:aws:elasticloadbalancing:us-west-2:572689518916:targetgroup/wp-tg/4f03ebce705567ac",
                "type": "forward"
              }
            ],
            "id": "arn:aws:elasticloadbalancing:us-west-2:572689518916:listener/app/wp-alb/2ef9aa9591cda001/782b837633722c88",
            "load_balancer_arn": "arn:aws:elasticloadbalancing:us-west-2:572689518916:loadbalancer/app/wp-alb/2ef9aa9591cda001",
            "mutual_authentication": [],
            "port": 80,
            "protocol": "HTTP",
            "region": "us-west-2",
            "routing_http_request_x_amzn_mtls_clientcert_header_name": null,
            "routing_http_request_x_amzn_mtls_clientcert_issuer_header_name": null,
            "routing_http_request_x_amzn_mtls_clientcert_leaf_header_name": null,
            "routing_http_request_x_amzn_mtls_clientcert_serial_number_header_name": null,
            "routing_http_request_x_amzn_mtls_clientcert_subject_header_name": null,
            "routing_http_request_x_amzn_mtls_clientcert_validity_header_name": null,
            "routing_http_request_x_amzn_tls_cipher_suite_header_name": null,
            "routing_http_request_x_amzn_tls_version_header_name": null,
            "routing_http_response_access_control_allow_credentials_header_value": "",
            "routing_http_response_access_control_allow_headers_header_value": "",
            "routing_http_response_access_control_allow_methods_header_value": "",
            "routing_http_response_access_control_allow_origin_header_value": "",
            "routing_http_response_access_control_expose_headers_header_value": "",
            "routing_http_response_access_control_max_age_header_value": "",
            "routing_http_response_content_security_policy_header_value": "",
            "routing_http_response_server_enabled": true,
            "routing_http_response_strict_transport_security_header_value": "",
            "routing_http_response_x_content_type_options_header_value": "",
            "routing_http_response_x_frame_options_header_value": "",
            "ssl_policy": "",
            "tags": {
              "Name": "wp-listener"
            },
            "tags_all": {
              "Name": "wp-listener"
            },
            "tcp_idle_timeout_seconds": null,
            "timeouts": null
          },
          "sensitive_attributes": [],
          "identity_schema_version": 0,
          "identity": {
            "arn": "arn:aws:elasticloadbalancing:us-west-2:572689518916:listener/app/wp-alb/2ef9aa9591cda001/782b837633722c88"
          },
          "private": "eyJlMmJmYjczMC1lY2FhLTExZTYtOGY4OC0zNDM2M2JjN2M0YzAiOnsiY3JlYXRlIjozMDAwMDAwMDAwMDAsInVwZGF0ZSI6MzAwMDAwMDAwMDAwfX0=",
          "dependencies": [
            "aws_lb.alb",
            "aws_lb_target_group.tg",
            "aws_security_group.alb_sg",
            "aws_subnet.public_1",
            "aws_subnet.public_2",
            "aws_vpc.main"
          ]
        }
      ]
    },
    {
      "mode": "managed",
      "type": "aws_lb_target_group",
      "name": "tg",
      "provider": "provider[\"registry.terraform.io/hashicorp/aws\"]",
      "instances": [
        {
          "schema_version": 0,
          "attributes": {
            "arn": "arn:aws:elasticloadbalancing:us-west-2:572689518916:targetgroup/wp-tg/4f03ebce705567ac",
            "arn_suffix": "targetgroup/wp-tg/4f03ebce705567ac",
            "connection_termination": null,
            "deregistration_delay": "300",
            "health_check": [
              {
                "enabled": true,
                "healthy_threshold": 2,
                "interval": 30,
                "matcher": "200-399",
                "path": "/",
                "port": "traffic-port",
                "protocol": "HTTP",
                "timeout": 5,
                "unhealthy_threshold": 2
              }
            ],
            "id": "arn:aws:elasticloadbalancing:us-west-2:572689518916:targetgroup/wp-tg/4f03ebce705567ac",
            "ip_address_type": "ipv4",
            "lambda_multi_value_headers_enabled": false,
            "load_balancer_arns": [],
            "load_balancing_algorithm_type": "round_robin",
            "load_balancing_anomaly_mitigation": "off",
            "load_balancing_cross_zone_enabled": "use_load_balancer_configuration",
            "name": "wp-tg",
            "name_prefix": "",
            "port": 80,
            "preserve_client_ip": null,
            "protocol": "HTTP",
            "protocol_version": "HTTP1",
            "proxy_protocol_v2": false,
            "region": "us-west-2",
            "slow_start": 0,
            "stickiness": [
              {
                "cookie_duration": 86400,
                "cookie_name": "",
                "enabled": false,
                "type": "lb_cookie"
              }
            ],
            "tags": {
              "Name": "wp-tg"
            },
            "tags_all": {
              "Name": "wp-tg"
            },
            "target_control_port": 0,
            "target_failover": [
              {
                "on_deregistration": null,
                "on_unhealthy": null
              }
            ],
            "target_group_health": [
              {
                "dns_failover": [
                  {
                    "minimum_healthy_targets_count": "1",
                    "minimum_healthy_targets_percentage": "off"
                  }
                ],
                "unhealthy_state_routing": [
                  {
                    "minimum_healthy_targets_count": 1,
                    "minimum_healthy_targets_percentage": "off"
                  }
                ]
              }
            ],
            "target_health_state": [
              {
                "enable_unhealthy_connection_termination": null,
                "unhealthy_draining_interval": null
              }
            ],
            "target_type": "instance",
            "vpc_id": "vpc-08da60cc21645572b"
          },
          "sensitive_attributes": [],
          "identity_schema_version": 0,
          "identity": {
            "arn": "arn:aws:elasticloadbalancing:us-west-2:572689518916:targetgroup/wp-tg/4f03ebce705567ac"
          },
          "private": "bnVsbA==",
          "dependencies": [
            "aws_vpc.main"
          ],
          "create_before_destroy": true
        }
      ]
    },
    {
      "mode": "managed",
      "type": "aws_route_table",
      "name": "public",
      "provider": "provider[\"registry.terraform.io/hashicorp/aws\"]",
      "instances": [
        {
          "schema_version": 0,
          "attributes": {
            "arn": "arn:aws:ec2:us-west-2:572689518916:route-table/rtb-04998aacd52050423",
            "id": "rtb-04998aacd52050423",
            "owner_id": "572689518916",
            "propagating_vgws": [],
            "region": "us-west-2",
            "route": [
              {
                "carrier_gateway_id": "",
                "cidr_block": "0.0.0.0/0",
                "core_network_arn": "",
                "destination_prefix_list_id": "",
                "egress_only_gateway_id": "",
                "gateway_id": "igw-050235b77fe3f0268",
                "ipv6_cidr_block": "",
                "local_gateway_id": "",
                "nat_gateway_id": "",
                "network_interface_id": "",
                "transit_gateway_id": "",
                "vpc_endpoint_id": "",
                "vpc_peering_connection_id": ""
              }
            ],
            "tags": {
              "Name": "public_route_table"
            },
            "tags_all": {
              "Name": "public_route_table"
            },
            "timeouts": null,
            "vpc_id": "vpc-08da60cc21645572b"
          },
          "sensitive_attributes": [],
          "identity_schema_version": 0,
          "identity": {
            "account_id": "572689518916",
            "id": "rtb-04998aacd52050423",
            "region": "us-west-2"
          },
          "private": "eyJlMmJmYjczMC1lY2FhLTExZTYtOGY4OC0zNDM2M2JjN2M0YzAiOnsiY3JlYXRlIjozMDAwMDAwMDAwMDAsImRlbGV0ZSI6MzAwMDAwMDAwMDAwLCJ1cGRhdGUiOjEyMDAwMDAwMDAwMH19",
          "dependencies": [
            "aws_internet_gateway.igw",
            "aws_vpc.main"
          ]
        }
      ]
    },
    {
      "mode": "managed",
      "type": "aws_route_table_association",
      "name": "public_1",
      "provider": "provider[\"registry.terraform.io/hashicorp/aws\"]",
      "instances": [
        {
          "schema_version": 0,
          "attributes": {
            "gateway_id": "",
            "id": "rtbassoc-0c5e24273f26ee2e1",
            "region": "us-west-2",
            "route_table_id": "rtb-04998aacd52050423",
            "subnet_id": "subnet-001a6f310e603c98f",
            "timeouts": null
          },
          "sensitive_attributes": [],
          "identity_schema_version": 0,
          "private": "eyJlMmJmYjczMC1lY2FhLTExZTYtOGY4OC0zNDM2M2JjN2M0YzAiOnsiY3JlYXRlIjozMDAwMDAwMDAwMDAsImRlbGV0ZSI6MzAwMDAwMDAwMDAwLCJ1cGRhdGUiOjEyMDAwMDAwMDAwMH19",
          "dependencies": [
            "aws_internet_gateway.igw",
            "aws_route_table.public",
            "aws_subnet.public_1",
            "aws_vpc.main"
          ]
        }
      ]
    },
    {
      "mode": "managed",
      "type": "aws_route_table_association",
      "name": "public_2",
      "provider": "provider[\"registry.terraform.io/hashicorp/aws\"]",
      "instances": [
        {
          "schema_version": 0,
          "attributes": {
            "gateway_id": "",
            "id": "rtbassoc-0baee035c0b556d7d",
            "region": "us-west-2",
            "route_table_id": "rtb-04998aacd52050423",
            "subnet_id": "subnet-0dcb603a7db997d51",
            "timeouts": null
          },
          "sensitive_attributes": [],
          "identity_schema_version": 0,
          "private": "eyJlMmJmYjczMC1lY2FhLTExZTYtOGY4OC0zNDM2M2JjN2M0YzAiOnsiY3JlYXRlIjozMDAwMDAwMDAwMDAsImRlbGV0ZSI6MzAwMDAwMDAwMDAwLCJ1cGRhdGUiOjEyMDAwMDAwMDAwMH19",
          "dependencies": [
            "aws_internet_gateway.igw",
            "aws_route_table.public",
            "aws_subnet.public_2",
            "aws_vpc.main"
          ]
        }
      ]
    },
    {
      "mode": "managed",
      "type": "aws_security_group",
      "name": "alb_sg",
      "provider": "provider[\"registry.terraform.io/hashicorp/aws\"]",
      "instances": [
        {
          "schema_version": 1,
          "attributes": {
            "arn": "arn:aws:ec2:us-west-2:572689518916:security-group/sg-073504e56b5547f69",
            "description": "Managed by Terraform",
            "egress": [
              {
                "cidr_blocks": [
                  "0.0.0.0/0"
                ],
                "description": "",
                "from_port": 0,
                "ipv6_cidr_blocks": [],
                "prefix_list_ids": [],
                "protocol": "-1",
                "security_groups": [],
                "self": false,
                "to_port": 0
              }
            ],
            "id": "sg-073504e56b5547f69",
            "ingress": [
              {
                "cidr_blocks": [
                  "0.0.0.0/0"
                ],
                "description": "",
                "from_port": 80,
                "ipv6_cidr_blocks": [],
                "prefix_list_ids": [],
                "protocol": "tcp",
                "security_groups": [],
                "self": false,
                "to_port": 80
              }
            ],
            "name": "terraform-20260212211242271300000001",
            "name_prefix": "terraform-",
            "owner_id": "572689518916",
            "region": "us-west-2",
            "revoke_rules_on_delete": false,
            "tags": {
              "Name": "alb_sg"
            },
            "tags_all": {
              "Name": "alb_sg"
            },
            "timeouts": null,
            "vpc_id": "vpc-08da60cc21645572b"
          },
          "sensitive_attributes": [],
          "identity_schema_version": 0,
          "identity": {
            "account_id": "572689518916",
            "id": "sg-073504e56b5547f69",
            "region": "us-west-2"
          },
          "private": "eyJlMmJmYjczMC1lY2FhLTExZTYtOGY4OC0zNDM2M2JjN2M0YzAiOnsiY3JlYXRlIjo2MDAwMDAwMDAwMDAsImRlbGV0ZSI6OTAwMDAwMDAwMDAwfSwic2NoZW1hX3ZlcnNpb24iOiIxIn0=",
          "dependencies": [
            "aws_vpc.main"
          ],
          "create_before_destroy": true
        }
      ]
    },
    {
      "mode": "managed",
      "type": "aws_security_group",
      "name": "ec2_sg",
      "provider": "provider[\"registry.terraform.io/hashicorp/aws\"]",
      "instances": [
        {
          "schema_version": 1,
          "attributes": {
            "arn": "arn:aws:ec2:us-west-2:572689518916:security-group/sg-0548a16ece908f30a",
            "description": "Managed by Terraform",
            "egress": [
              {
                "cidr_blocks": [
                  "0.0.0.0/0"
                ],
                "description": "",
                "from_port": 0,
                "ipv6_cidr_blocks": [],
                "prefix_list_ids": [],
                "protocol": "-1",
                "security_groups": [],
                "self": false,
                "to_port": 0
              }
            ],
            "id": "sg-0548a16ece908f30a",
            "ingress": [
              {
                "cidr_blocks": [
                  "149.233.230.216/32"
                ],
                "description": "",
                "from_port": 22,
                "ipv6_cidr_blocks": [],
                "prefix_list_ids": [],
                "protocol": "tcp",
                "security_groups": [],
                "self": false,
                "to_port": 22
              },
              {
                "cidr_blocks": [],
                "description": "",
                "from_port": 80,
                "ipv6_cidr_blocks": [],
                "prefix_list_ids": [],
                "protocol": "tcp",
                "security_groups": [
                  "sg-073504e56b5547f69"
                ],
                "self": false,
                "to_port": 80
              }
            ],
            "name": "terraform-20260212211246765300000003",
            "name_prefix": "terraform-",
            "owner_id": "572689518916",
            "region": "us-west-2",
            "revoke_rules_on_delete": false,
            "tags": {
              "Name": "ec2_sg"
            },
            "tags_all": {
              "Name": "ec2_sg"
            },
            "timeouts": null,
            "vpc_id": "vpc-08da60cc21645572b"
          },
          "sensitive_attributes": [],
          "identity_schema_version": 0,
          "identity": {
            "account_id": "572689518916",
            "id": "sg-0548a16ece908f30a",
            "region": "us-west-2"
          },
          "private": "eyJlMmJmYjczMC1lY2FhLTExZTYtOGY4OC0zNDM2M2JjN2M0YzAiOnsiY3JlYXRlIjo2MDAwMDAwMDAwMDAsImRlbGV0ZSI6OTAwMDAwMDAwMDAwfSwic2NoZW1hX3ZlcnNpb24iOiIxIn0=",
          "dependencies": [
            "aws_security_group.alb_sg",
            "aws_vpc.main"
          ],
          "create_before_destroy": true
        }
      ]
    },
    {
      "mode": "managed",
      "type": "aws_security_group",
      "name": "efs_sg",
      "provider": "provider[\"registry.terraform.io/hashicorp/aws\"]",
      "instances": [
        {
          "schema_version": 1,
          "attributes": {
            "arn": "arn:aws:ec2:us-west-2:572689518916:security-group/sg-0fda07f39b1ee5aa3",
            "description": "Managed by Terraform",
            "egress": [
              {
                "cidr_blocks": [
                  "0.0.0.0/0"
                ],
                "description": "",
                "from_port": 0,
                "ipv6_cidr_blocks": [],
                "prefix_list_ids": [],
                "protocol": "-1",
                "security_groups": [],
                "self": false,
                "to_port": 0
              }
            ],
            "id": "sg-0fda07f39b1ee5aa3",
            "ingress": [
              {
                "cidr_blocks": [],
                "description": "",
                "from_port": 2049,
                "ipv6_cidr_blocks": [],
                "prefix_list_ids": [],
                "protocol": "tcp",
                "security_groups": [
                  "sg-0548a16ece908f30a"
                ],
                "self": false,
                "to_port": 2049
              }
            ],
            "name": "efs_sg",
            "name_prefix": "",
            "owner_id": "572689518916",
            "region": "us-west-2",
            "revoke_rules_on_delete": false,
            "tags": {
              "Name": "efs_sg"
            },
            "tags_all": {
              "Name": "efs_sg"
            },
            "timeouts": null,
            "vpc_id": "vpc-08da60cc21645572b"
          },
          "sensitive_attributes": [],
          "identity_schema_version": 0,
          "identity": {
            "account_id": "572689518916",
            "id": "sg-0fda07f39b1ee5aa3",
            "region": "us-west-2"
          },
          "private": "eyJlMmJmYjczMC1lY2FhLTExZTYtOGY4OC0zNDM2M2JjN2M0YzAiOnsiY3JlYXRlIjo2MDAwMDAwMDAwMDAsImRlbGV0ZSI6OTAwMDAwMDAwMDAwfSwic2NoZW1hX3ZlcnNpb24iOiIxIn0=",
          "dependencies": [
            "aws_security_group.alb_sg",
            "aws_security_group.ec2_sg",
            "aws_vpc.main"
          ]
        }
      ]
    },
    {
      "mode": "managed",
      "type": "aws_security_group",
      "name": "rds_sg",
      "provider": "provider[\"registry.terraform.io/hashicorp/aws\"]",
      "instances": [
        {
          "schema_version": 1,
          "attributes": {
            "arn": "arn:aws:ec2:us-west-2:572689518916:security-group/sg-029b98cf269387adf",
            "description": "Managed by Terraform",
            "egress": [
              {
                "cidr_blocks": [
                  "0.0.0.0/0"
                ],
                "description": "",
                "from_port": 0,
                "ipv6_cidr_blocks": [],
                "prefix_list_ids": [],
                "protocol": "-1",
                "security_groups": [],
                "self": false,
                "to_port": 0
              }
            ],
            "id": "sg-029b98cf269387adf",
            "ingress": [
              {
                "cidr_blocks": [],
                "description": "",
                "from_port": 3306,
                "ipv6_cidr_blocks": [],
                "prefix_list_ids": [],
                "protocol": "tcp",
                "security_groups": [
                  "sg-0548a16ece908f30a"
                ],
                "self": false,
                "to_port": 3306
              }
            ],
            "name": "terraform-20260212211251245000000004",
            "name_prefix": "terraform-",
            "owner_id": "572689518916",
            "region": "us-west-2",
            "revoke_rules_on_delete": false,
            "tags": {
              "Name": "rds_sg"
            },
            "tags_all": {
              "Name": "rds_sg"
            },
            "timeouts": null,
            "vpc_id": "vpc-08da60cc21645572b"
          },
          "sensitive_attributes": [],
          "identity_schema_version": 0,
          "identity": {
            "account_id": "572689518916",
            "id": "sg-029b98cf269387adf",
            "region": "us-west-2"
          },
          "private": "eyJlMmJmYjczMC1lY2FhLTExZTYtOGY4OC0zNDM2M2JjN2M0YzAiOnsiY3JlYXRlIjo2MDAwMDAwMDAwMDAsImRlbGV0ZSI6OTAwMDAwMDAwMDAwfSwic2NoZW1hX3ZlcnNpb24iOiIxIn0=",
          "dependencies": [
            "aws_security_group.alb_sg",
            "aws_security_group.ec2_sg",
            "aws_vpc.main"
          ],
          "create_before_destroy": true
        }
      ]
    },
    {
      "mode": "managed",
      "type": "aws_subnet",
      "name": "private_1",
      "provider": "provider[\"registry.terraform.io/hashicorp/aws\"]",
      "instances": [
        {
          "schema_version": 1,
          "attributes": {
            "arn": "arn:aws:ec2:us-west-2:572689518916:subnet/subnet-0cd3e96a818ccc056",
            "assign_ipv6_address_on_creation": false,
            "availability_zone": "us-west-2a",
            "availability_zone_id": "usw2-az1",
            "cidr_block": "10.0.3.0/24",
            "customer_owned_ipv4_pool": "",
            "enable_dns64": false,
            "enable_lni_at_device_index": 0,
            "enable_resource_name_dns_a_record_on_launch": false,
            "enable_resource_name_dns_aaaa_record_on_launch": false,
            "id": "subnet-0cd3e96a818ccc056",
            "ipv4_ipam_pool_id": null,
            "ipv4_netmask_length": null,
            "ipv6_cidr_block": "",
            "ipv6_cidr_block_association_id": "",
            "ipv6_ipam_pool_id": null,
            "ipv6_native": false,
            "ipv6_netmask_length": null,
            "map_customer_owned_ip_on_launch": false,
            "map_public_ip_on_launch": false,
            "outpost_arn": "",
            "owner_id": "572689518916",
            "private_dns_hostname_type_on_launch": "ip-name",
            "region": "us-west-2",
            "tags": {
              "Name": "private-1"
            },
            "tags_all": {
              "Name": "private-1"
            },
            "timeouts": null,
            "vpc_id": "vpc-08da60cc21645572b"
          },
          "sensitive_attributes": [],
          "identity_schema_version": 0,
          "identity": {
            "account_id": "572689518916",
            "id": "subnet-0cd3e96a818ccc056",
            "region": "us-west-2"
          },
          "private": "eyJlMmJmYjczMC1lY2FhLTExZTYtOGY4OC0zNDM2M2JjN2M0YzAiOnsiY3JlYXRlIjo2MDAwMDAwMDAwMDAsImRlbGV0ZSI6MTIwMDAwMDAwMDAwMH0sInNjaGVtYV92ZXJzaW9uIjoiMSJ9",
          "dependencies": [
            "aws_vpc.main"
          ],
          "create_before_destroy": true
        }
      ]
    },
    {
      "mode": "managed",
      "type": "aws_subnet",
      "name": "private_2",
      "provider": "provider[\"registry.terraform.io/hashicorp/aws\"]",
      "instances": [
        {
          "schema_version": 1,
          "attributes": {
            "arn": "arn:aws:ec2:us-west-2:572689518916:subnet/subnet-01d7089a3e499342b",
            "assign_ipv6_address_on_creation": false,
            "availability_zone": "us-west-2b",
            "availability_zone_id": "usw2-az2",
            "cidr_block": "10.0.4.0/24",
            "customer_owned_ipv4_pool": "",
            "enable_dns64": false,
            "enable_lni_at_device_index": 0,
            "enable_resource_name_dns_a_record_on_launch": false,
            "enable_resource_name_dns_aaaa_record_on_launch": false,
            "id": "subnet-01d7089a3e499342b",
            "ipv4_ipam_pool_id": null,
            "ipv4_netmask_length": null,
            "ipv6_cidr_block": "",
            "ipv6_cidr_block_association_id": "",
            "ipv6_ipam_pool_id": null,
            "ipv6_native": false,
            "ipv6_netmask_length": null,
            "map_customer_owned_ip_on_launch": false,
            "map_public_ip_on_launch": false,
            "outpost_arn": "",
            "owner_id": "572689518916",
            "private_dns_hostname_type_on_launch": "ip-name",
            "region": "us-west-2",
            "tags": {
              "Name": "private-2"
            },
            "tags_all": {
              "Name": "private-2"
            },
            "timeouts": null,
            "vpc_id": "vpc-08da60cc21645572b"
          },
          "sensitive_attributes": [],
          "identity_schema_version": 0,
          "identity": {
            "account_id": "572689518916",
            "id": "subnet-01d7089a3e499342b",
            "region": "us-west-2"
          },
          "private": "eyJlMmJmYjczMC1lY2FhLTExZTYtOGY4OC0zNDM2M2JjN2M0YzAiOnsiY3JlYXRlIjo2MDAwMDAwMDAwMDAsImRlbGV0ZSI6MTIwMDAwMDAwMDAwMH0sInNjaGVtYV92ZXJzaW9uIjoiMSJ9",
          "dependencies": [
            "aws_vpc.main"
          ],
          "create_before_destroy": true
        }
      ]
    },
    {
      "mode": "managed",
      "type": "aws_subnet",
      "name": "public_1",
      "provider": "provider[\"registry.terraform.io/hashicorp/aws\"]",
      "instances": [
        {
          "schema_version": 1,
          "attributes": {
            "arn": "arn:aws:ec2:us-west-2:572689518916:subnet/subnet-001a6f310e603c98f",
            "assign_ipv6_address_on_creation": false,
            "availability_zone": "us-west-2a",
            "availability_zone_id": "usw2-az1",
            "cidr_block": "10.0.1.0/24",
            "customer_owned_ipv4_pool": "",
            "enable_dns64": false,
            "enable_lni_at_device_index": 0,
            "enable_resource_name_dns_a_record_on_launch": false,
            "enable_resource_name_dns_aaaa_record_on_launch": false,
            "id": "subnet-001a6f310e603c98f",
            "ipv4_ipam_pool_id": null,
            "ipv4_netmask_length": null,
            "ipv6_cidr_block": "",
            "ipv6_cidr_block_association_id": "",
            "ipv6_ipam_pool_id": null,
            "ipv6_native": false,
            "ipv6_netmask_length": null,
            "map_customer_owned_ip_on_launch": false,
            "map_public_ip_on_launch": true,
            "outpost_arn": "",
            "owner_id": "572689518916",
            "private_dns_hostname_type_on_launch": "ip-name",
            "region": "us-west-2",
            "tags": {
              "Name": "public-1"
            },
            "tags_all": {
              "Name": "public-1"
            },
            "timeouts": null,
            "vpc_id": "vpc-08da60cc21645572b"
          },
          "sensitive_attributes": [],
          "identity_schema_version": 0,
          "identity": {
            "account_id": "572689518916",
            "id": "subnet-001a6f310e603c98f",
            "region": "us-west-2"
          },
          "private": "eyJlMmJmYjczMC1lY2FhLTExZTYtOGY4OC0zNDM2M2JjN2M0YzAiOnsiY3JlYXRlIjo2MDAwMDAwMDAwMDAsImRlbGV0ZSI6MTIwMDAwMDAwMDAwMH0sInNjaGVtYV92ZXJzaW9uIjoiMSJ9",
          "dependencies": [
            "aws_vpc.main"
          ],
          "create_before_destroy": true
        }
      ]
    },
    {
      "mode": "managed",
      "type": "aws_subnet",
      "name": "public_2",
      "provider": "provider[\"registry.terraform.io/hashicorp/aws\"]",
      "instances": [
        {
          "schema_version": 1,
          "attributes": {
            "arn": "arn:aws:ec2:us-west-2:572689518916:subnet/subnet-0dcb603a7db997d51",
            "assign_ipv6_address_on_creation": false,
            "availability_zone": "us-west-2b",
            "availability_zone_id": "usw2-az2",
            "cidr_block": "10.0.2.0/24",
            "customer_owned_ipv4_pool": "",
            "enable_dns64": false,
            "enable_lni_at_device_index": 0,
            "enable_resource_name_dns_a_record_on_launch": false,
            "enable_resource_name_dns_aaaa_record_on_launch": false,
            "id": "subnet-0dcb603a7db997d51",
            "ipv4_ipam_pool_id": null,
            "ipv4_netmask_length": null,
            "ipv6_cidr_block": "",
            "ipv6_cidr_block_association_id": "",
            "ipv6_ipam_pool_id": null,
            "ipv6_native": false,
            "ipv6_netmask_length": null,
            "map_customer_owned_ip_on_launch": false,
            "map_public_ip_on_launch": true,
            "outpost_arn": "",
            "owner_id": "572689518916",
            "private_dns_hostname_type_on_launch": "ip-name",
            "region": "us-west-2",
            "tags": {
              "Name": "public-2"
            },
            "tags_all": {
              "Name": "public-2"
            },
            "timeouts": null,
            "vpc_id": "vpc-08da60cc21645572b"
          },
          "sensitive_attributes": [],
          "identity_schema_version": 0,
          "identity": {
            "account_id": "572689518916",
            "id": "subnet-0dcb603a7db997d51",
            "region": "us-west-2"
          },
          "private": "eyJlMmJmYjczMC1lY2FhLTExZTYtOGY4OC0zNDM2M2JjN2M0YzAiOnsiY3JlYXRlIjo2MDAwMDAwMDAwMDAsImRlbGV0ZSI6MTIwMDAwMDAwMDAwMH0sInNjaGVtYV92ZXJzaW9uIjoiMSJ9",
          "dependencies": [
            "aws_vpc.main"
          ],
          "create_before_destroy": true
        }
      ]
    },
    {
      "mode": "managed",
      "type": "aws_vpc",
      "name": "main",
      "provider": "provider[\"registry.terraform.io/hashicorp/aws\"]",
      "instances": [
        {
          "schema_version": 1,
          "attributes": {
            "arn": "arn:aws:ec2:us-west-2:572689518916:vpc/vpc-08da60cc21645572b",
            "assign_generated_ipv6_cidr_block": false,
            "cidr_block": "10.0.0.0/16",
            "default_network_acl_id": "acl-076d62152019bcf37",
            "default_route_table_id": "rtb-075d386fb24eb4cad",
            "default_security_group_id": "sg-05525a2c0f473d2ad",
            "dhcp_options_id": "dopt-01f381465bf90c263",
            "enable_dns_hostnames": true,
            "enable_dns_support": true,
            "enable_network_address_usage_metrics": false,
            "id": "vpc-08da60cc21645572b",
            "instance_tenancy": "default",
            "ipv4_ipam_pool_id": null,
            "ipv4_netmask_length": null,
            "ipv6_association_id": "",
            "ipv6_cidr_block": "",
            "ipv6_cidr_block_network_border_group": "",
            "ipv6_ipam_pool_id": "",
            "ipv6_netmask_length": 0,
            "main_route_table_id": "rtb-075d386fb24eb4cad",
            "owner_id": "572689518916",
            "region": "us-west-2",
            "tags": {
              "Name": "wp-vpc"
            },
            "tags_all": {
              "Name": "wp-vpc"
            }
          },
          "sensitive_attributes": [],
          "identity_schema_version": 0,
          "identity": {
            "account_id": "572689518916",
            "id": "vpc-08da60cc21645572b",
            "region": "us-west-2"
          },
          "private": "eyJzY2hlbWFfdmVyc2lvbiI6IjEifQ==",
          "create_before_destroy": true
        }
      ]
    }
  ],
  "check_results": null
}
